
Microsoft Visual Studio Solution File, Format Version 12.00
# Visual Studio Version 17
VisualStudioVersion = 17.0.31903.59
MinimumVisualStudioVersion = 10.0.40219.1
Project("{9A19103F-16F7-4668-BE54-9A1E7A4F7556}") = "Stagazer.Extensions.AutoMapper.Context", "Stagazer.Extensions.AutoMapper.Context\Stagazer.Extensions.AutoMapper.Context.csproj", "{14D978A5-0B95-4547-82E3-38D99B7C7B67}"
EndProject
Project("{9A19103F-16F7-4668-BE54-9A1E7A4F7556}") = "Stagazer.Extensions.AutoMapper.Context.DependencyInjection", "Stagazer.Extensions.AutoMapper.Context.DependencyInjection\Stagazer.Extensions.AutoMapper.Context.DependencyInjection.csproj", "{281437F4-AC9C-4E43-8640-D3FB54FD968D}"
EndProject
Project("{FAE04EC0-301F-11D3-BF4B-00C04F79EFBC}") = "Stagazer.Extensions.AutoMapper.Context.DependencyInjection.Tests", "Stagazer.Extensions.AutoMapper.Context.DependencyInjection.Tests\Stagazer.Extensions.AutoMapper.Context.DependencyInjection.Tests.csproj", "{C2023415-C413-4C16-86BE-E51B7FA1E3A4}"
EndProject
Global
	GlobalSection(SolutionConfigurationPlatforms) = preSolution
		Debug|Any CPU = Debug|Any CPU
		Release|Any CPU = Release|Any CPU
	EndGlobalSection
	GlobalSection(ProjectConfigurationPlatforms) = postSolution
		{14D978A5-0B95-4547-82E3-38D99B7C7B67}.Debug|Any CPU.ActiveCfg = Debug|Any CPU
		{14D978A5-0B95-4547-82E3-38D99B7C7B67}.Debug|Any CPU.Build.0 = Debug|Any CPU
		{14D978A5-0B95-4547-82E3-38D99B7C7B67}.Release|Any CPU.ActiveCfg = Release|Any CPU
		{14D978A5-0B95-4547-82E3-38D99B7C7B67}.Release|Any CPU.Build.0 = Release|Any CPU
		{281437F4-AC9C-4E43-8640-D3FB54FD968D}.Debug|Any CPU.ActiveCfg = Debug|Any CPU
		{281437F4-AC9C-4E43-8640-D3FB54FD968D}.Debug|Any CPU.Build.0 = Debug|Any CPU
		{281437F4-AC9C-4E43-8640-D3FB54FD968D}.Release|Any CPU.ActiveCfg = Release|Any CPU
		{281437F4-AC9C-4E43-8640-D3FB54FD968D}.Release|Any CPU.Build.0 = Release|Any CPU
		{C2023415-C413-4C16-86BE-E51B7FA1E3A4}.Debug|Any CPU.ActiveCfg = Debug|Any CPU
		{C2023415-C413-4C16-86BE-E51B7FA1E3A4}.Debug|Any CPU.Build.0 = Debug|Any CPU
		{C2023415-C413-4C16-86BE-E51B7FA1E3A4}.Release|Any CPU.ActiveCfg = Release|Any CPU
		{C2023415-C413-4C16-86BE-E51B7FA1E3A4}.Release|Any CPU.Build.0 = Release|Any CPU
	EndGlobalSection
	GlobalSection(SolutionProperties) = preSolution
		HideSolutionNode = FALSE
	EndGlobalSection
	GlobalSection(ExtensibilityGlobals) = postSolution
		SolutionGuid = {8B94EB81-B8C4-42D0-B5F1-1E788DF5FC2A}
	EndGlobalSection
EndGlobal
